// !$*UTF8*$!
{
	archiveVersion = 1;
	classes = {
	};
	objectVersion = 56;
	objects = {

/* Begin PBXBuildFile section */
		3B2AC7532A62CFFA00065922 /* WidgetSampleApp.swift in Sources */ = {isa = PBXBuildFile; fileRef = 3B2AC7522A62CFFA00065922 /* WidgetSampleApp.swift */; };
		3B2AC7552A62CFFA00065922 /* ContentView.swift in Sources */ = {isa = PBXBuildFile; fileRef = 3B2AC7542A62CFFA00065922 /* ContentView.swift */; };
		3B2AC7572A62CFFB00065922 /* Assets.xcassets in Resources */ = {isa = PBXBuildFile; fileRef = 3B2AC7562A62CFFB00065922 /* Assets.xcassets */; };
		3B2AC75A2A62CFFB00065922 /* Preview Assets.xcassets in Resources */ = {isa = PBXBuildFile; fileRef = 3B2AC7592A62CFFB00065922 /* Preview Assets.xcassets */; };
		3B2AC7852A62E1B400065922 /* WidgetKit.framework in Frameworks */ = {isa = PBXBuildFile; fileRef = 3B2AC7842A62E1B400065922 /* WidgetKit.framework */; };
		3B2AC7872A62E1B400065922 /* SwiftUI.framework in Frameworks */ = {isa = PBXBuildFile; fileRef = 3B2AC7862A62E1B400065922 /* SwiftUI.framework */; };
		3B2AC78A2A62E1B400065922 /* SimpleWidgetBundle.swift in Sources */ = {isa = PBXBuildFile; fileRef = 3B2AC7892A62E1B400065922 /* SimpleWidgetBundle.swift */; };
		3B2AC78C2A62E1B400065922 /* SimpleWidget.swift in Sources */ = {isa = PBXBuildFile; fileRef = 3B2AC78B2A62E1B400065922 /* SimpleWidget.swift */; };
		3B2AC78F2A62E1B500065922 /* Assets.xcassets in Resources */ = {isa = PBXBuildFile; fileRef = 3B2AC78E2A62E1B500065922 /* Assets.xcassets */; };
		3B2AC7912A62E1B500065922 /* SimpleWidget.intentdefinition in Sources */ = {isa = PBXBuildFile; fileRef = 3B2AC78D2A62E1B400065922 /* SimpleWidget.intentdefinition */; };
		3B2AC7922A62E1B500065922 /* SimpleWidget.intentdefinition in Sources */ = {isa = PBXBuildFile; fileRef = 3B2AC78D2A62E1B400065922 /* SimpleWidget.intentdefinition */; };
		3B2AC7952A62E1B500065922 /* SimpleWidgetExtension.appex in Embed Foundation Extensions */ = {isa = PBXBuildFile; fileRef = 3B2AC7822A62E1B400065922 /* SimpleWidgetExtension.appex */; settings = {ATTRIBUTES = (RemoveHeadersOnCopy, ); }; };
		3B2AC79F2A62EB4100065922 /* NetworkImage.swift in Sources */ = {isa = PBXBuildFile; fileRef = 3B2AC79D2A62EAEF00065922 /* NetworkImage.swift */; };
		3B2AC7A22A643F2300065922 /* ImageListService.swift in Sources */ = {isa = PBXBuildFile; fileRef = 3B2AC7A02A643EB100065922 /* ImageListService.swift */; };
		96283A4D2A66896400503CF2 /* Intents.framework in Frameworks */ = {isa = PBXBuildFile; fileRef = 96283A4C2A66896300503CF2 /* Intents.framework */; };
		96283A502A66896400503CF2 /* IntentHandler.swift in Sources */ = {isa = PBXBuildFile; fileRef = 96283A4F2A66896400503CF2 /* IntentHandler.swift */; };
		96283A652A66896400503CF2 /* SimpleWidgetIntents.appex in Embed Foundation Extensions */ = {isa = PBXBuildFile; fileRef = 96283A4B2A66896300503CF2 /* SimpleWidgetIntents.appex */; settings = {ATTRIBUTES = (RemoveHeadersOnCopy, ); }; };
		96283A6C2A668AB000503CF2 /* SimpleWidget.intentdefinition in Sources */ = {isa = PBXBuildFile; fileRef = 3B2AC78D2A62E1B400065922 /* SimpleWidget.intentdefinition */; };
		96283A6E2A66932000503CF2 /* ImageListService.swift in Sources */ = {isa = PBXBuildFile; fileRef = 3B2AC7A02A643EB100065922 /* ImageListService.swift */; };
/* End PBXBuildFile section */

/* Begin PBXContainerItemProxy section */
		3B2AC7932A62E1B500065922 /* PBXContainerItemProxy */ = {
			isa = PBXContainerItemProxy;
			containerPortal = 3B2AC7472A62CFFA00065922 /* Project object */;
			proxyType = 1;
			remoteGlobalIDString = 3B2AC7812A62E1B400065922;
			remoteInfo = SimpleWidgetExtension;
		};
		96283A632A66896400503CF2 /* PBXContainerItemProxy */ = {
			isa = PBXContainerItemProxy;
			containerPortal = 3B2AC7472A62CFFA00065922 /* Project object */;
			proxyType = 1;
			remoteGlobalIDString = 96283A4A2A66896300503CF2;
			remoteInfo = SimpleWidgetIntents;
		};
/* End PBXContainerItemProxy section */

/* Begin PBXCopyFilesBuildPhase section */
		3B2AC7962A62E1B500065922 /* Embed Foundation Extensions */ = {
			isa = PBXCopyFilesBuildPhase;
			buildActionMask = 2147483647;
			dstPath = "";
			dstSubfolderSpec = 13;
			files = (
				96283A652A66896400503CF2 /* SimpleWidgetIntents.appex in Embed Foundation Extensions */,
				3B2AC7952A62E1B500065922 /* SimpleWidgetExtension.appex in Embed Foundation Extensions */,
			);
			name = "Embed Foundation Extensions";
			runOnlyForDeploymentPostprocessing = 0;
		};
/* End PBXCopyFilesBuildPhase section */

/* Begin PBXFileReference section */
		3B2AC74F2A62CFFA00065922 /* WidgetSample.app */ = {isa = PBXFileReference; explicitFileType = wrapper.application; includeInIndex = 0; path = WidgetSample.app; sourceTree = BUILT_PRODUCTS_DIR; };
		3B2AC7522A62CFFA00065922 /* WidgetSampleApp.swift */ = {isa = PBXFileReference; lastKnownFileType = sourcecode.swift; path = WidgetSampleApp.swift; sourceTree = "<group>"; };
		3B2AC7542A62CFFA00065922 /* ContentView.swift */ = {isa = PBXFileReference; lastKnownFileType = sourcecode.swift; path = ContentView.swift; sourceTree = "<group>"; };
		3B2AC7562A62CFFB00065922 /* Assets.xcassets */ = {isa = PBXFileReference; lastKnownFileType = folder.assetcatalog; path = Assets.xcassets; sourceTree = "<group>"; };
		3B2AC7592A62CFFB00065922 /* Preview Assets.xcassets */ = {isa = PBXFileReference; lastKnownFileType = folder.assetcatalog; path = "Preview Assets.xcassets"; sourceTree = "<group>"; };
		3B2AC7822A62E1B400065922 /* SimpleWidgetExtension.appex */ = {isa = PBXFileReference; explicitFileType = "wrapper.app-extension"; includeInIndex = 0; path = SimpleWidgetExtension.appex; sourceTree = BUILT_PRODUCTS_DIR; };
		3B2AC7842A62E1B400065922 /* WidgetKit.framework */ = {isa = PBXFileReference; lastKnownFileType = wrapper.framework; name = WidgetKit.framework; path = System/Library/Frameworks/WidgetKit.framework; sourceTree = SDKROOT; };
		3B2AC7862A62E1B400065922 /* SwiftUI.framework */ = {isa = PBXFileReference; lastKnownFileType = wrapper.framework; name = SwiftUI.framework; path = System/Library/Frameworks/SwiftUI.framework; sourceTree = SDKROOT; };
		3B2AC7892A62E1B400065922 /* SimpleWidgetBundle.swift */ = {isa = PBXFileReference; lastKnownFileType = sourcecode.swift; path = SimpleWidgetBundle.swift; sourceTree = "<group>"; };
		3B2AC78B2A62E1B400065922 /* SimpleWidget.swift */ = {isa = PBXFileReference; lastKnownFileType = sourcecode.swift; path = SimpleWidget.swift; sourceTree = "<group>"; };
		3B2AC78D2A62E1B400065922 /* SimpleWidget.intentdefinition */ = {isa = PBXFileReference; lastKnownFileType = file.intentdefinition; path = SimpleWidget.intentdefinition; sourceTree = "<group>"; };
		3B2AC78E2A62E1B500065922 /* Assets.xcassets */ = {isa = PBXFileReference; lastKnownFileType = folder.assetcatalog; path = Assets.xcassets; sourceTree = "<group>"; };
		3B2AC7902A62E1B500065922 /* Info.plist */ = {isa = PBXFileReference; lastKnownFileType = text.plist.xml; path = Info.plist; sourceTree = "<group>"; };
		3B2AC79D2A62EAEF00065922 /* NetworkImage.swift */ = {isa = PBXFileReference; lastKnownFileType = sourcecode.swift; path = NetworkImage.swift; sourceTree = "<group>"; };
		3B2AC7A02A643EB100065922 /* ImageListService.swift */ = {isa = PBXFileReference; lastKnownFileType = sourcecode.swift; path = ImageListService.swift; sourceTree = "<group>"; };
		96283A4B2A66896300503CF2 /* SimpleWidgetIntents.appex */ = {isa = PBXFileReference; explicitFileType = "wrapper.app-extension"; includeInIndex = 0; path = SimpleWidgetIntents.appex; sourceTree = BUILT_PRODUCTS_DIR; };
		96283A4C2A66896300503CF2 /* Intents.framework */ = {isa = PBXFileReference; lastKnownFileType = wrapper.framework; name = Intents.framework; path = System/Library/Frameworks/Intents.framework; sourceTree = SDKROOT; };
		96283A4F2A66896400503CF2 /* IntentHandler.swift */ = {isa = PBXFileReference; lastKnownFileType = sourcecode.swift; path = IntentHandler.swift; sourceTree = "<group>"; };
		96283A512A66896400503CF2 /* Info.plist */ = {isa = PBXFileReference; lastKnownFileType = text.plist.xml; path = Info.plist; sourceTree = "<group>"; };
		96283A572A66896400503CF2 /* IntentsUI.framework */ = {isa = PBXFileReference; lastKnownFileType = wrapper.framework; name = IntentsUI.framework; path = System/Library/Frameworks/IntentsUI.framework; sourceTree = SDKROOT; };
		96283A6D2A668ADA00503CF2 /* Info.plist */ = {isa = PBXFileReference; lastKnownFileType = text.plist; path = Info.plist; sourceTree = "<group>"; };
/* End PBXFileReference section */

/* Begin PBXFrameworksBuildPhase section */
		3B2AC74C2A62CFFA00065922 /* Frameworks */ = {
			isa = PBXFrameworksBuildPhase;
			buildActionMask = 2147483647;
			files = (
			);
			runOnlyForDeploymentPostprocessing = 0;
		};
		3B2AC77F2A62E1B400065922 /* Frameworks */ = {
			isa = PBXFrameworksBuildPhase;
			buildActionMask = 2147483647;
			files = (
				3B2AC7872A62E1B400065922 /* SwiftUI.framework in Frameworks */,
				3B2AC7852A62E1B400065922 /* WidgetKit.framework in Frameworks */,
			);
			runOnlyForDeploymentPostprocessing = 0;
		};
		96283A482A66896300503CF2 /* Frameworks */ = {
			isa = PBXFrameworksBuildPhase;
			buildActionMask = 2147483647;
			files = (
				96283A4D2A66896400503CF2 /* Intents.framework in Frameworks */,
			);
			runOnlyForDeploymentPostprocessing = 0;
		};
/* End PBXFrameworksBuildPhase section */

/* Begin PBXGroup section */
		3B2AC7462A62CFFA00065922 = {
			isa = PBXGroup;
			children = (
				3B2AC7512A62CFFA00065922 /* WidgetSample */,
				3B2AC7882A62E1B400065922 /* SimpleWidget */,
				96283A4E2A66896400503CF2 /* SimpleWidgetIntents */,
				3B2AC7832A62E1B400065922 /* Frameworks */,
				3B2AC7502A62CFFA00065922 /* Products */,
			);
			sourceTree = "<group>";
		};
		3B2AC7502A62CFFA00065922 /* Products */ = {
			isa = PBXGroup;
			children = (
				3B2AC74F2A62CFFA00065922 /* WidgetSample.app */,
				3B2AC7822A62E1B400065922 /* SimpleWidgetExtension.appex */,
				96283A4B2A66896300503CF2 /* SimpleWidgetIntents.appex */,
			);
			name = Products;
			sourceTree = "<group>";
		};
		3B2AC7512A62CFFA00065922 /* WidgetSample */ = {
			isa = PBXGroup;
			children = (
				96283A6D2A668ADA00503CF2 /* Info.plist */,
				3B2AC7522A62CFFA00065922 /* WidgetSampleApp.swift */,
				3B2AC7542A62CFFA00065922 /* ContentView.swift */,
				3B2AC7562A62CFFB00065922 /* Assets.xcassets */,
				3B2AC7582A62CFFB00065922 /* Preview Content */,
			);
			path = WidgetSample;
			sourceTree = "<group>";
		};
		3B2AC7582A62CFFB00065922 /* Preview Content */ = {
			isa = PBXGroup;
			children = (
				3B2AC7592A62CFFB00065922 /* Preview Assets.xcassets */,
			);
			path = "Preview Content";
			sourceTree = "<group>";
		};
		3B2AC7832A62E1B400065922 /* Frameworks */ = {
			isa = PBXGroup;
			children = (
				3B2AC7842A62E1B400065922 /* WidgetKit.framework */,
				3B2AC7862A62E1B400065922 /* SwiftUI.framework */,
				96283A4C2A66896300503CF2 /* Intents.framework */,
				96283A572A66896400503CF2 /* IntentsUI.framework */,
			);
			name = Frameworks;
			sourceTree = "<group>";
		};
		3B2AC7882A62E1B400065922 /* SimpleWidget */ = {
			isa = PBXGroup;
			children = (
				3B2AC7892A62E1B400065922 /* SimpleWidgetBundle.swift */,
				3B2AC78B2A62E1B400065922 /* SimpleWidget.swift */,
				3B2AC79D2A62EAEF00065922 /* NetworkImage.swift */,
				3B2AC7A02A643EB100065922 /* ImageListService.swift */,
				3B2AC78D2A62E1B400065922 /* SimpleWidget.intentdefinition */,
				3B2AC78E2A62E1B500065922 /* Assets.xcassets */,
				3B2AC7902A62E1B500065922 /* Info.plist */,
			);
			path = SimpleWidget;
			sourceTree = "<group>";
		};
		96283A4E2A66896400503CF2 /* SimpleWidgetIntents */ = {
			isa = PBXGroup;
			children = (
				96283A4F2A66896400503CF2 /* IntentHandler.swift */,
				96283A512A66896400503CF2 /* Info.plist */,
			);
			path = SimpleWidgetIntents;
			sourceTree = "<group>";
		};
/* End PBXGroup section */

/* Begin PBXNativeTarget section */
		3B2AC74E2A62CFFA00065922 /* WidgetSample */ = {
			isa = PBXNativeTarget;
			buildConfigurationList = 3B2AC75D2A62CFFB00065922 /* Build configuration list for PBXNativeTarget "WidgetSample" */;
			buildPhases = (
				3B2AC74B2A62CFFA00065922 /* Sources */,
				3B2AC74C2A62CFFA00065922 /* Frameworks */,
				3B2AC74D2A62CFFA00065922 /* Resources */,
				3B2AC7962A62E1B500065922 /* Embed Foundation Extensions */,
			);
			buildRules = (
			);
			dependencies = (
				3B2AC7942A62E1B500065922 /* PBXTargetDependency */,
				96283A642A66896400503CF2 /* PBXTargetDependency */,
			);
			name = WidgetSample;
			productName = WidgetSample;
			productReference = 3B2AC74F2A62CFFA00065922 /* WidgetSample.app */;
			productType = "com.apple.product-type.application";
		};
		3B2AC7812A62E1B400065922 /* SimpleWidgetExtension */ = {
			isa = PBXNativeTarget;
			buildConfigurationList = 3B2AC7992A62E1B500065922 /* Build configuration list for PBXNativeTarget "SimpleWidgetExtension" */;
			buildPhases = (
				3B2AC77E2A62E1B400065922 /* Sources */,
				3B2AC77F2A62E1B400065922 /* Frameworks */,
				3B2AC7802A62E1B400065922 /* Resources */,
			);
			buildRules = (
			);
			dependencies = (
			);
			name = SimpleWidgetExtension;
			productName = SimpleWidgetExtension;
			productReference = 3B2AC7822A62E1B400065922 /* SimpleWidgetExtension.appex */;
			productType = "com.apple.product-type.app-extension";
		};
		96283A4A2A66896300503CF2 /* SimpleWidgetIntents */ = {
			isa = PBXNativeTarget;
			buildConfigurationList = 96283A6B2A66896400503CF2 /* Build configuration list for PBXNativeTarget "SimpleWidgetIntents" */;
			buildPhases = (
				96283A472A66896300503CF2 /* Sources */,
				96283A482A66896300503CF2 /* Frameworks */,
				96283A492A66896300503CF2 /* Resources */,
			);
			buildRules = (
			);
			dependencies = (
			);
			name = SimpleWidgetIntents;
			productName = SimpleWidgetIntents;
			productReference = 96283A4B2A66896300503CF2 /* SimpleWidgetIntents.appex */;
			productType = "com.apple.product-type.app-extension";
		};
/* End PBXNativeTarget section */

/* Begin PBXProject section */
		3B2AC7472A62CFFA00065922 /* Project object */ = {
			isa = PBXProject;
			attributes = {
				BuildIndependentTargetsInParallel = 1;
				LastSwiftUpdateCheck = 1430;
				LastUpgradeCheck = 1420;
				TargetAttributes = {
					3B2AC74E2A62CFFA00065922 = {
						CreatedOnToolsVersion = 14.2;
					};
					3B2AC7812A62E1B400065922 = {
						CreatedOnToolsVersion = 14.2;
					};
					96283A4A2A66896300503CF2 = {
						CreatedOnToolsVersion = 14.3.1;
					};
				};
			};
			buildConfigurationList = 3B2AC74A2A62CFFA00065922 /* Build configuration list for PBXProject "WidgetSample" */;
			compatibilityVersion = "Xcode 14.0";
			developmentRegion = en;
			hasScannedForEncodings = 0;
			knownRegions = (
				en,
				Base,
			);
			mainGroup = 3B2AC7462A62CFFA00065922;
			productRefGroup = 3B2AC7502A62CFFA00065922 /* Products */;
			projectDirPath = "";
			projectRoot = "";
			targets = (
				3B2AC74E2A62CFFA00065922 /* WidgetSample */,
				3B2AC7812A62E1B400065922 /* SimpleWidgetExtension */,
				96283A4A2A66896300503CF2 /* SimpleWidgetIntents */,
			);
		};
/* End PBXProject section */

/* Begin PBXResourcesBuildPhase section */
		3B2AC74D2A62CFFA00065922 /* Resources */ = {
			isa = PBXResourcesBuildPhase;
			buildActionMask = 2147483647;
			files = (
				3B2AC75A2A62CFFB00065922 /* Preview Assets.xcassets in Resources */,
				3B2AC7572A62CFFB00065922 /* Assets.xcassets in Resources */,
			);
			runOnlyForDeploymentPostprocessing = 0;
		};
		3B2AC7802A62E1B400065922 /* Resources */ = {
			isa = PBXResourcesBuildPhase;
			buildActionMask = 2147483647;
			files = (
				3B2AC78F2A62E1B500065922 /* Assets.xcassets in Resources */,
			);
			runOnlyForDeploymentPostprocessing = 0;
		};
		96283A492A66896300503CF2 /* Resources */ = {
			isa = PBXResourcesBuildPhase;
			buildActionMask = 2147483647;
			files = (
			);
			runOnlyForDeploymentPostprocessing = 0;
		};
/* End PBXResourcesBuildPhase section */

/* Begin PBXSourcesBuildPhase section */
		3B2AC74B2A62CFFA00065922 /* Sources */ = {
			isa = PBXSourcesBuildPhase;
			buildActionMask = 2147483647;
			files = (
				3B2AC7552A62CFFA00065922 /* ContentView.swift in Sources */,
				3B2AC7532A62CFFA00065922 /* WidgetSampleApp.swift in Sources */,
				3B2AC7922A62E1B500065922 /* SimpleWidget.intentdefinition in Sources */,
			);
			runOnlyForDeploymentPostprocessing = 0;
		};
		3B2AC77E2A62E1B400065922 /* Sources */ = {
			isa = PBXSourcesBuildPhase;
			buildActionMask = 2147483647;
			files = (
				3B2AC78A2A62E1B400065922 /* SimpleWidgetBundle.swift in Sources */,
				3B2AC79F2A62EB4100065922 /* NetworkImage.swift in Sources */,
				3B2AC7A22A643F2300065922 /* ImageListService.swift in Sources */,
				3B2AC78C2A62E1B400065922 /* SimpleWidget.swift in Sources */,
				3B2AC7912A62E1B500065922 /* SimpleWidget.intentdefinition in Sources */,
			);
			runOnlyForDeploymentPostprocessing = 0;
		};
		96283A472A66896300503CF2 /* Sources */ = {
			isa = PBXSourcesBuildPhase;
			buildActionMask = 2147483647;
			files = (
				96283A6C2A668AB000503CF2 /* SimpleWidget.intentdefinition in Sources */,
				96283A502A66896400503CF2 /* IntentHandler.swift in Sources */,
				96283A6E2A66932000503CF2 /* ImageListService.swift in Sources */,
			);
			runOnlyForDeploymentPostprocessing = 0;
		};
/* End PBXSourcesBuildPhase section */

/* Begin PBXTargetDependency section */
		3B2AC7942A62E1B500065922 /* PBXTargetDependency */ = {
			isa = PBXTargetDependency;
			target = 3B2AC7812A62E1B400065922 /* SimpleWidgetExtension */;
			targetProxy = 3B2AC7932A62E1B500065922 /* PBXContainerItemProxy */;
		};
		96283A642A66896400503CF2 /* PBXTargetDependency */ = {
			isa = PBXTargetDependency;
			target = 96283A4A2A66896300503CF2 /* SimpleWidgetIntents */;
			targetProxy = 96283A632A66896400503CF2 /* PBXContainerItemProxy */;
		};
/* End PBXTargetDependency section */

/* Begin XCBuildConfiguration section */
		3B2AC75B2A62CFFB00065922 /* Debug */ = {
			isa = XCBuildConfiguration;
			buildSettings = {
				ALWAYS_SEARCH_USER_PATHS = NO;
				CLANG_ANALYZER_NONNULL = YES;
				CLANG_ANALYZER_NUMBER_OBJECT_CONVERSION = YES_AGGRESSIVE;
				CLANG_CXX_LANGUAGE_STANDARD = "gnu++20";
				CLANG_ENABLE_MODULES = YES;
				CLANG_ENABLE_OBJC_ARC = YES;
				CLANG_ENABLE_OBJC_WEAK = YES;
				CLANG_WARN_BLOCK_CAPTURE_AUTORELEASING = YES;
				CLANG_WARN_BOOL_CONVERSION = YES;
				CLANG_WARN_COMMA = YES;
				CLANG_WARN_CONSTANT_CONVERSION = YES;
				CLANG_WARN_DEPRECATED_OBJC_IMPLEMENTATIONS = YES;
				CLANG_WARN_DIRECT_OBJC_ISA_USAGE = YES_ERROR;
				CLANG_WARN_DOCUMENTATION_COMMENTS = YES;
				CLANG_WARN_EMPTY_BODY = YES;
				CLANG_WARN_ENUM_CONVERSION = YES;
				CLANG_WARN_INFINITE_RECURSION = YES;
				CLANG_WARN_INT_CONVERSION = YES;
				CLANG_WARN_NON_LITERAL_NULL_CONVERSION = YES;
				CLANG_WARN_OBJC_IMPLICIT_RETAIN_SELF = YES;
				CLANG_WARN_OBJC_LITERAL_CONVERSION = YES;
				CLANG_WARN_OBJC_ROOT_CLASS = YES_ERROR;
				CLANG_WARN_QUOTED_INCLUDE_IN_FRAMEWORK_HEADER = YES;
				CLANG_WARN_RANGE_LOOP_ANALYSIS = YES;
				CLANG_WARN_STRICT_PROTOTYPES = YES;
				CLANG_WARN_SUSPICIOUS_MOVE = YES;
				CLANG_WARN_UNGUARDED_AVAILABILITY = YES_AGGRESSIVE;
				CLANG_WARN_UNREACHABLE_CODE = YES;
				CLANG_WARN__DUPLICATE_METHOD_MATCH = YES;
				COPY_PHASE_STRIP = NO;
				DEBUG_INFORMATION_FORMAT = dwarf;
				ENABLE_STRICT_OBJC_MSGSEND = YES;
				ENABLE_TESTABILITY = YES;
				GCC_C_LANGUAGE_STANDARD = gnu11;
				GCC_DYNAMIC_NO_PIC = NO;
				GCC_NO_COMMON_BLOCKS = YES;
				GCC_OPTIMIZATION_LEVEL = 0;
				GCC_PREPROCESSOR_DEFINITIONS = (
					"DEBUG=1",
					"$(inherited)",
				);
				GCC_WARN_64_TO_32_BIT_CONVERSION = YES;
				GCC_WARN_ABOUT_RETURN_TYPE = YES_ERROR;
				GCC_WARN_UNDECLARED_SELECTOR = YES;
				GCC_WARN_UNINITIALIZED_AUTOS = YES_AGGRESSIVE;
				GCC_WARN_UNUSED_FUNCTION = YES;
				GCC_WARN_UNUSED_VARIABLE = YES;
				IPHONEOS_DEPLOYMENT_TARGET = 16.2;
				MTL_ENABLE_DEBUG_INFO = INCLUDE_SOURCE;
				MTL_FAST_MATH = YES;
				ONLY_ACTIVE_ARCH = YES;
				SDKROOT = iphoneos;
				SWIFT_ACTIVE_COMPILATION_CONDITIONS = DEBUG;
				SWIFT_OPTIMIZATION_LEVEL = "-Onone";
			};
			name = Debug;
		};
		3B2AC75C2A62CFFB00065922 /* Release */ = {
			isa = XCBuildConfiguration;
			buildSettings = {
				ALWAYS_SEARCH_USER_PATHS = NO;
				CLANG_ANALYZER_NONNULL = YES;
				CLANG_ANALYZER_NUMBER_OBJECT_CONVERSION = YES_AGGRESSIVE;
				CLANG_CXX_LANGUAGE_STANDARD = "gnu++20";
				CLANG_ENABLE_MODULES = YES;
				CLANG_ENABLE_OBJC_ARC = YES;
				CLANG_ENABLE_OBJC_WEAK = YES;
				CLANG_WARN_BLOCK_CAPTURE_AUTORELEASING = YES;
				CLANG_WARN_BOOL_CONVERSION = YES;
				CLANG_WARN_COMMA = YES;
				CLANG_WARN_CONSTANT_CONVERSION = YES;
				CLANG_WARN_DEPRECATED_OBJC_IMPLEMENTATIONS = YES;
				CLANG_WARN_DIRECT_OBJC_ISA_USAGE = YES_ERROR;
				CLANG_WARN_DOCUMENTATION_COMMENTS = YES;
				CLANG_WARN_EMPTY_BODY = YES;
				CLANG_WARN_ENUM_CONVERSION = YES;
				CLANG_WARN_INFINITE_RECURSION = YES;
				CLANG_WARN_INT_CONVERSION = YES;
				CLANG_WARN_NON_LITERAL_NULL_CONVERSION = YES;
				CLANG_WARN_OBJC_IMPLICIT_RETAIN_SELF = YES;
				CLANG_WARN_OBJC_LITERAL_CONVERSION = YES;
				CLANG_WARN_OBJC_ROOT_CLASS = YES_ERROR;
				CLANG_WARN_QUOTED_INCLUDE_IN_FRAMEWORK_HEADER = YES;
				CLANG_WARN_RANGE_LOOP_ANALYSIS = YES;
				CLANG_WARN_STRICT_PROTOTYPES = YES;
				CLANG_WARN_SUSPICIOUS_MOVE = YES;
				CLANG_WARN_UNGUARDED_AVAILABILITY = YES_AGGRESSIVE;
				CLANG_WARN_UNREACHABLE_CODE = YES;
				CLANG_WARN__DUPLICATE_METHOD_MATCH = YES;
				COPY_PHASE_STRIP = NO;
				DEBUG_INFORMATION_FORMAT = "dwarf-with-dsym";
				ENABLE_NS_ASSERTIONS = NO;
				ENABLE_STRICT_OBJC_MSGSEND = YES;
				GCC_C_LANGUAGE_STANDARD = gnu11;
				GCC_NO_COMMON_BLOCKS = YES;
				GCC_WARN_64_TO_32_BIT_CONVERSION = YES;
				GCC_WARN_ABOUT_RETURN_TYPE = YES_ERROR;
				GCC_WARN_UNDECLARED_SELECTOR = YES;
				GCC_WARN_UNINITIALIZED_AUTOS = YES_AGGRESSIVE;
				GCC_WARN_UNUSED_FUNCTION = YES;
				GCC_WARN_UNUSED_VARIABLE = YES;
				IPHONEOS_DEPLOYMENT_TARGET = 16.2;
				MTL_ENABLE_DEBUG_INFO = NO;
				MTL_FAST_MATH = YES;
				SDKROOT = iphoneos;
				SWIFT_COMPILATION_MODE = wholemodule;
				SWIFT_OPTIMIZATION_LEVEL = "-O";
				VALIDATE_PRODUCT = YES;
			};
			name = Release;
		};
		3B2AC75E2A62CFFB00065922 /* Debug */ = {
			isa = XCBuildConfiguration;
			buildSettings = {
				ALWAYS_EMBED_SWIFT_STANDARD_LIBRARIES = YES;
				ASSETCATALOG_COMPILER_APPICON_NAME = AppIcon;
				ASSETCATALOG_COMPILER_GLOBAL_ACCENT_COLOR_NAME = AccentColor;
				CODE_SIGN_STYLE = Automatic;
				CURRENT_PROJECT_VERSION = 1;
				DEVELOPMENT_ASSET_PATHS = "\"WidgetSample/Preview Content\"";
				ENABLE_PREVIEWS = YES;
				GENERATE_INFOPLIST_FILE = YES;
				INFOPLIST_FILE = WidgetSample/Info.plist;
				INFOPLIST_KEY_UIApplicationSceneManifest_Generation = YES;
				INFOPLIST_KEY_UIApplicationSupportsIndirectInputEvents = YES;
				INFOPLIST_KEY_UILaunchScreen_Generation = YES;
				INFOPLIST_KEY_UISupportedInterfaceOrientations_iPad = "UIInterfaceOrientationPortrait UIInterfaceOrientationPortraitUpsideDown UIInterfaceOrientationLandscapeLeft UIInterfaceOrientationLandscapeRight";
				INFOPLIST_KEY_UISupportedInterfaceOrientations_iPhone = "UIInterfaceOrientationPortrait UIInterfaceOrientationLandscapeLeft UIInterfaceOrientationLandscapeRight";
				LD_RUNPATH_SEARCH_PATHS = (
					"$(inherited)",
					"@executable_path/Frameworks",
				);
				MARKETING_VERSION = 1.0;
				PRODUCT_BUNDLE_IDENTIFIER = com.example.WidgetSample;
				PRODUCT_NAME = "$(TARGET_NAME)";
				SWIFT_EMIT_LOC_STRINGS = YES;
				SWIFT_VERSION = 5.0;
				TARGETED_DEVICE_FAMILY = "1,2";
			};
			name = Debug;
		};
		3B2AC75F2A62CFFB00065922 /* Release */ = {
			isa = XCBuildConfiguration;
			buildSettings = {
				ALWAYS_EMBED_SWIFT_STANDARD_LIBRARIES = YES;
				ASSETCATALOG_COMPILER_APPICON_NAME = AppIcon;
				ASSETCATALOG_COMPILER_GLOBAL_ACCENT_COLOR_NAME = AccentColor;
				CODE_SIGN_STYLE = Automatic;
				CURRENT_PROJECT_VERSION = 1;
				DEVELOPMENT_ASSET_PATHS = "\"WidgetSample/Preview Content\"";
				ENABLE_PREVIEWS = YES;
				GENERATE_INFOPLIST_FILE = YES;
				INFOPLIST_FILE = WidgetSample/Info.plist;
				INFOPLIST_KEY_UIApplicationSceneManifest_Generation = YES;
				INFOPLIST_KEY_UIApplicationSupportsIndirectInputEvents = YES;
				INFOPLIST_KEY_UILaunchScreen_Generation = YES;
				INFOPLIST_KEY_UISupportedInterfaceOrientations_iPad = "UIInterfaceOrientationPortrait UIInterfaceOrientationPortraitUpsideDown UIInterfaceOrientationLandscapeLeft UIInterfaceOrientationLandscapeRight";
				INFOPLIST_KEY_UISupportedInterfaceOrientations_iPhone = "UIInterfaceOrientationPortrait UIInterfaceOrientationLandscapeLeft UIInterfaceOrientationLandscapeRight";
				LD_RUNPATH_SEARCH_PATHS = (
					"$(inherited)",
					"@executable_path/Frameworks",
				);
				MARKETING_VERSION = 1.0;
				PRODUCT_BUNDLE_IDENTIFIER = com.example.WidgetSample;
				PRODUCT_NAME = "$(TARGET_NAME)";
				SWIFT_EMIT_LOC_STRINGS = YES;
				SWIFT_VERSION = 5.0;
				TARGETED_DEVICE_FAMILY = "1,2";
			};
			name = Release;
		};
		3B2AC7972A62E1B500065922 /* Debug */ = {
			isa = XCBuildConfiguration;
			buildSettings = {
				ASSETCATALOG_COMPILER_GLOBAL_ACCENT_COLOR_NAME = AccentColor;
				ASSETCATALOG_COMPILER_WIDGET_BACKGROUND_COLOR_NAME = WidgetBackground;
				CODE_SIGN_STYLE = Automatic;
				CURRENT_PROJECT_VERSION = 1;
				GENERATE_INFOPLIST_FILE = YES;
				INFOPLIST_FILE = SimpleWidget/Info.plist;
				INFOPLIST_KEY_CFBundleDisplayName = SimpleWidget;
				INFOPLIST_KEY_NSHumanReadableCopyright = "";
				LD_RUNPATH_SEARCH_PATHS = (
					"$(inherited)",
					"@executable_path/Frameworks",
					"@executable_path/../../Frameworks",
				);
				MARKETING_VERSION = 1.0;
				PRODUCT_BUNDLE_IDENTIFIER = com.example.WidgetSample.SimpleWidget;
				PRODUCT_NAME = "$(TARGET_NAME)";
				SKIP_INSTALL = YES;
				SWIFT_EMIT_LOC_STRINGS = YES;
				SWIFT_VERSION = 5.0;
				TARGETED_DEVICE_FAMILY = "1,2";
			};
			name = Debug;
		};
		3B2AC7982A62E1B500065922 /* Release */ = {
			isa = XCBuildConfiguration;
			buildSettings = {
				ASSETCATALOG_COMPILER_GLOBAL_ACCENT_COLOR_NAME = AccentColor;
				ASSETCATALOG_COMPILER_WIDGET_BACKGROUND_COLOR_NAME = WidgetBackground;
				CODE_SIGN_STYLE = Automatic;
				CURRENT_PROJECT_VERSION = 1;
				GENERATE_INFOPLIST_FILE = YES;
				INFOPLIST_FILE = SimpleWidget/Info.plist;
				INFOPLIST_KEY_CFBundleDisplayName = SimpleWidget;
				INFOPLIST_KEY_NSHumanReadableCopyright = "";
				LD_RUNPATH_SEARCH_PATHS = (
					"$(inherited)",
					"@executable_path/Frameworks",
					"@executable_path/../../Frameworks",
				);
				MARKETING_VERSION = 1.0;
				PRODUCT_BUNDLE_IDENTIFIER = com.example.WidgetSample.SimpleWidget;
				PRODUCT_NAME = "$(TARGET_NAME)";
				SKIP_INSTALL = YES;
				SWIFT_EMIT_LOC_STRINGS = YES;
				SWIFT_VERSION = 5.0;
				TARGETED_DEVICE_FAMILY = "1,2";
			};
			name = Release;
		};
		96283A662A66896400503CF2 /* Debug */ = {
			isa = XCBuildConfiguration;
			buildSettings = {
				CODE_SIGN_STYLE = Automatic;
				CURRENT_PROJECT_VERSION = 1;
				GENERATE_INFOPLIST_FILE = YES;
				INFOPLIST_FILE = SimpleWidgetIntents/Info.plist;
				INFOPLIST_KEY_CFBundleDisplayName = SimpleWidgetIntents;
				INFOPLIST_KEY_NSHumanReadableCopyright = "";
				IPHONEOS_DEPLOYMENT_TARGET = 16.2;
				LD_RUNPATH_SEARCH_PATHS = (
					"$(inherited)",
					"@executable_path/Frameworks",
					"@executable_path/../../Frameworks",
				);
				MARKETING_VERSION = 1.0;
				PRODUCT_BUNDLE_IDENTIFIER = com.example.WidgetSample.SimpleWidgetIntents;
				PRODUCT_NAME = "$(TARGET_NAME)";
				SKIP_INSTALL = YES;
				SWIFT_EMIT_LOC_STRINGS = YES;
				SWIFT_VERSION = 5.0;
				TARGETED_DEVICE_FAMILY = "1,2";
			};
			name = Debug;
		};
		96283A672A66896400503CF2 /* Release */ = {
			isa = XCBuildConfiguration;
			buildSettings = {
				CODE_SIGN_STYLE = Automatic;
				CURRENT_PROJECT_VERSION = 1;
				GENERATE_INFOPLIST_FILE = YES;
				INFOPLIST_FILE = SimpleWidgetIntents/Info.plist;
				INFOPLIST_KEY_CFBundleDisplayName = SimpleWidgetIntents;
				INFOPLIST_KEY_NSHumanReadableCopyright = "";
				IPHONEOS_DEPLOYMENT_TARGET = 16.2;
				LD_RUNPATH_SEARCH_PATHS = (
					"$(inherited)",
					"@executable_path/Frameworks",
					"@executable_path/../../Frameworks",
				);
				MARKETING_VERSION = 1.0;
				PRODUCT_BUNDLE_IDENTIFIER = com.example.WidgetSample.SimpleWidgetIntents;
				PRODUCT_NAME = "$(TARGET_NAME)";
				SKIP_INSTALL = YES;
				SWIFT_EMIT_LOC_STRINGS = YES;
				SWIFT_VERSION = 5.0;
				TARGETED_DEVICE_FAMILY = "1,2";
			};
			name = Release;
		};
/* End XCBuildConfiguration section */

/* Begin XCConfigurationList section */
		3B2AC74A2A62CFFA00065922 /* Build configuration list for PBXProject "WidgetSample" */ = {
			isa = XCConfigurationList;
			buildConfigurations = (
				3B2AC75B2A62CFFB00065922 /* Debug */,
				3B2AC75C2A62CFFB00065922 /* Release */,
			);
			defaultConfigurationIsVisible = 0;
			defaultConfigurationName = Release;
		};
		3B2AC75D2A62CFFB00065922 /* Build configuration list for PBXNativeTarget "WidgetSample" */ = {
			isa = XCConfigurationList;
			buildConfigurations = (
				3B2AC75E2A62CFFB00065922 /* Debug */,
				3B2AC75F2A62CFFB00065922 /* Release */,
			);
			defaultConfigurationIsVisible = 0;
			defaultConfigurationName = Release;
		};
		3B2AC7992A62E1B500065922 /* Build configuration list for PBXNativeTarget "SimpleWidgetExtension" */ = {
			isa = XCConfigurationList;
			buildConfigurations = (
				3B2AC7972A62E1B500065922 /* Debug */,
				3B2AC7982A62E1B500065922 /* Release */,
			);
			defaultConfigurationIsVisible = 0;
			defaultConfigurationName = Release;
		};
		96283A6B2A66896400503CF2 /* Build configuration list for PBXNativeTarget "SimpleWidgetIntents" */ = {
			isa = XCConfigurationList;
			buildConfigurations = (
				96283A662A66896400503CF2 /* Debug */,
				96283A672A66896400503CF2 /* Release */,
			);
			defaultConfigurationIsVisible = 0;
			defaultConfigurationName = Release;
		};
/* End XCConfigurationList section */
	};
	rootObject = 3B2AC7472A62CFFA00065922 /* Project object */;
}
